
Microsoft Visual Studio Solution File, Format Version 12.00
# Visual Studio Version 17
VisualStudioVersion = 17.9.34622.214
MinimumVisualStudioVersion = 10.0.40219.1
Project("{FAE04EC0-301F-11D3-BF4B-00C04F79EFBC}") = "HW week 8", "HW week 8\HW week 8.csproj", "{7B560A3E-7229-4553-AFA6-8E4897EAD8AE}"
EndProject
Global
	GlobalSection(SolutionConfigurationPlatforms) = preSolution
		Debug|Any CPU = Debug|Any CPU
		Release|Any CPU = Release|Any CPU
	EndGlobalSection
	GlobalSection(ProjectConfigurationPlatforms) = postSolution
		{7B560A3E-7229-4553-AFA6-8E4897EAD8AE}.Debug|Any CPU.ActiveCfg = Debug|Any CPU
		{7B560A3E-7229-4553-AFA6-8E4897EAD8AE}.Debug|Any CPU.Build.0 = Debug|Any CPU
		{7B560A3E-7229-4553-AFA6-8E4897EAD8AE}.Release|Any CPU.ActiveCfg = Release|Any CPU
		{7B560A3E-7229-4553-AFA6-8E4897EAD8AE}.Release|Any CPU.Build.0 = Release|Any CPU
	EndGlobalSection
	GlobalSection(SolutionProperties) = preSolution
		HideSolutionNode = FALSE
	EndGlobalSection
	GlobalSection(ExtensibilityGlobals) = postSolution
		SolutionGuid = {846FDD0A-AC58-43C1-8CE6-0792FAF0AF06}
	EndGlobalSection
EndGlobal
